
Microsoft Visual Studio Solution File, Format Version 12.00
# Visual Studio Version 17
VisualStudioVersion = 17.8.34330.188
MinimumVisualStudioVersion = 10.0.40219.1
Project("{9A19103F-16F7-4668-BE54-9A1E7A4F7556}") = "BidCalculationProject", "BidCalculationProject.csproj", "{24BD0982-A7BA-4B08-B84E-07FDC9356752}"
EndProject
Project("{9A19103F-16F7-4668-BE54-9A1E7A4F7556}") = "BidCalculationProject.Tests", "..\BidCalculationProject.Tests\BidCalculationProject.Tests.csproj", "{BB17316F-C74E-4FF3-9635-F9EB50FB49DD}"
EndProject
Project("{9A19103F-16F7-4668-BE54-9A1E7A4F7556}") = "BidCalculationProjectMVC", "..\BidCalculationProjectMVC\BidCalculationProjectMVC.csproj", "{2297C57C-6470-4774-9E0A-EE10FE7A18DD}"
EndProject
Global
	GlobalSection(SolutionConfigurationPlatforms) = preSolution
		Debug|Any CPU = Debug|Any CPU
		Release|Any CPU = Release|Any CPU
	EndGlobalSection
	GlobalSection(ProjectConfigurationPlatforms) = postSolution
		{24BD0982-A7BA-4B08-B84E-07FDC9356752}.Debug|Any CPU.ActiveCfg = Debug|Any CPU
		{24BD0982-A7BA-4B08-B84E-07FDC9356752}.Debug|Any CPU.Build.0 = Debug|Any CPU
		{24BD0982-A7BA-4B08-B84E-07FDC9356752}.Release|Any CPU.ActiveCfg = Release|Any CPU
		{24BD0982-A7BA-4B08-B84E-07FDC9356752}.Release|Any CPU.Build.0 = Release|Any CPU
		{BB17316F-C74E-4FF3-9635-F9EB50FB49DD}.Debug|Any CPU.ActiveCfg = Debug|Any CPU
		{BB17316F-C74E-4FF3-9635-F9EB50FB49DD}.Debug|Any CPU.Build.0 = Debug|Any CPU
		{BB17316F-C74E-4FF3-9635-F9EB50FB49DD}.Release|Any CPU.ActiveCfg = Release|Any CPU
		{BB17316F-C74E-4FF3-9635-F9EB50FB49DD}.Release|Any CPU.Build.0 = Release|Any CPU
		{2297C57C-6470-4774-9E0A-EE10FE7A18DD}.Debug|Any CPU.ActiveCfg = Debug|Any CPU
		{2297C57C-6470-4774-9E0A-EE10FE7A18DD}.Debug|Any CPU.Build.0 = Debug|Any CPU
		{2297C57C-6470-4774-9E0A-EE10FE7A18DD}.Release|Any CPU.ActiveCfg = Release|Any CPU
		{2297C57C-6470-4774-9E0A-EE10FE7A18DD}.Release|Any CPU.Build.0 = Release|Any CPU
	EndGlobalSection
	GlobalSection(SolutionProperties) = preSolution
		HideSolutionNode = FALSE
	EndGlobalSection
	GlobalSection(ExtensibilityGlobals) = postSolution
		SolutionGuid = {4B6A2C8C-D1E4-49EE-8078-0C0A0383E0FF}
	EndGlobalSection
EndGlobal
